{
  "name": "shoten-guy",
  "lockfileVersion": 2,
  "requires": true,
  "packages": {
    "": {
      "dependencies": {
        "comma-number": "^2.1.0"
      }
    },
    "node_modules/comma-number": {
      "version": "2.1.0",
      "resolved": "https://registry.npmjs.org/comma-number/-/comma-number-2.1.0.tgz",
      "integrity": "sha512-fRcu1c+4yFLFp3tgranEkKPPWRlnkWQXr4p0KBL0WW9Kd2wmbKAoQ2R4rluFm4ubXCtXGybEaFB7r6YgPOnahQ=="
    }
  },
  "dependencies": {
    "comma-number": {
      "version": "2.1.0",
      "resolved": "https://registry.npmjs.org/comma-number/-/comma-number-2.1.0.tgz",
      "integrity": "sha512-fRcu1c+4yFLFp3tgranEkKPPWRlnkWQXr4p0KBL0WW9Kd2wmbKAoQ2R4rluFm4ubXCtXGybEaFB7r6YgPOnahQ=="
    }
  }
}
